
Microsoft Visual Studio Solution File, Format Version 12.00
# Visual Studio Version 16
VisualStudioVersion = 16.0.29021.104
MinimumVisualStudioVersion = 10.0.40219.1
Project("{FAE04EC0-301F-11D3-BF4B-00C04F79EFBC}") = "RegressaoComML", "RegressaoComML\RegressaoComML.csproj", "{1B9C24D4-BB38-45F5-9501-C99418690400}"
EndProject
Global
	GlobalSection(SolutionConfigurationPlatforms) = preSolution
		Debug|Any CPU = Debug|Any CPU
		Release|Any CPU = Release|Any CPU
	EndGlobalSection
	GlobalSection(ProjectConfigurationPlatforms) = postSolution
		{1B9C24D4-BB38-45F5-9501-C99418690400}.Debug|Any CPU.ActiveCfg = Debug|Any CPU
		{1B9C24D4-BB38-45F5-9501-C99418690400}.Debug|Any CPU.Build.0 = Debug|Any CPU
		{1B9C24D4-BB38-45F5-9501-C99418690400}.Release|Any CPU.ActiveCfg = Release|Any CPU
		{1B9C24D4-BB38-45F5-9501-C99418690400}.Release|Any CPU.Build.0 = Release|Any CPU
	EndGlobalSection
	GlobalSection(SolutionProperties) = preSolution
		HideSolutionNode = FALSE
	EndGlobalSection
	GlobalSection(ExtensibilityGlobals) = postSolution
		SolutionGuid = {87D56501-2C95-4B93-BEE2-02AC2FACBDAD}
	EndGlobalSection
EndGlobal
